// !$*UTF8*$!
{
	archiveVersion = 1;
	classes = {
	};
	objectVersion = 56;
	objects = {

/* Begin PBXBuildFile section */
		625C1D4E296DCAA900897295 /* ArgyleLinkApp.swift in Sources */ = {isa = PBXBuildFile; fileRef = 625C1D4D296DCAA900897295 /* ArgyleLinkApp.swift */; };
		625C1D50296DCAA900897295 /* ContentView.swift in Sources */ = {isa = PBXBuildFile; fileRef = 625C1D4F296DCAA900897295 /* ContentView.swift */; };
		625C1D52296DCAAC00897295 /* Assets.xcassets in Resources */ = {isa = PBXBuildFile; fileRef = 625C1D51296DCAAC00897295 /* Assets.xcassets */; };
		625C1D55296DCAAC00897295 /* Preview Assets.xcassets in Resources */ = {isa = PBXBuildFile; fileRef = 625C1D54296DCAAC00897295 /* Preview Assets.xcassets */; };
		625C1D5F296DCAAC00897295 /* ArgyleLinkTests.swift in Sources */ = {isa = PBXBuildFile; fileRef = 625C1D5E296DCAAC00897295 /* ArgyleLinkTests.swift */; };
		625C1D69296DCAAC00897295 /* ArgyleLinkUITests.swift in Sources */ = {isa = PBXBuildFile; fileRef = 625C1D68296DCAAC00897295 /* ArgyleLinkUITests.swift */; };
		625C1D6B296DCAAC00897295 /* ArgyleLinkUITestsLaunchTests.swift in Sources */ = {isa = PBXBuildFile; fileRef = 625C1D6A296DCAAC00897295 /* ArgyleLinkUITestsLaunchTests.swift */; };
		625C1D7A296DD23800897295 /* SearchScreen.swift in Sources */ = {isa = PBXBuildFile; fileRef = 625C1D79296DD23800897295 /* SearchScreen.swift */; };
		625C1D7C296DD24500897295 /* SearchScreenModel.swift in Sources */ = {isa = PBXBuildFile; fileRef = 625C1D7B296DD24500897295 /* SearchScreenModel.swift */; };
		625C1D83296DD2AA00897295 /* SearchFieldStyle.swift in Sources */ = {isa = PBXBuildFile; fileRef = 625C1D82296DD2AA00897295 /* SearchFieldStyle.swift */; };
		625C1D87296DD2C100897295 /* Colors.swift in Sources */ = {isa = PBXBuildFile; fileRef = 625C1D86296DD2C100897295 /* Colors.swift */; };
		625C1D89296DD2C900897295 /* Images.swift in Sources */ = {isa = PBXBuildFile; fileRef = 625C1D88296DD2C900897295 /* Images.swift */; };
		625C1D8D296DD33F00897295 /* SearchView.swift in Sources */ = {isa = PBXBuildFile; fileRef = 625C1D8C296DD33F00897295 /* SearchView.swift */; };
		625C1D8F296DD3A600897295 /* SearchViewModelProtocol.swift in Sources */ = {isa = PBXBuildFile; fileRef = 625C1D8E296DD3A600897295 /* SearchViewModelProtocol.swift */; };
		625C1D91296DD3CE00897295 /* PreviewSearchViewModel.swift in Sources */ = {isa = PBXBuildFile; fileRef = 625C1D90296DD3CE00897295 /* PreviewSearchViewModel.swift */; };
		625C1D93296DD3DE00897295 /* Loading.swift in Sources */ = {isa = PBXBuildFile; fileRef = 625C1D92296DD3DE00897295 /* Loading.swift */; };
		625C1D98296DDA8B00897295 /* Strings.swift in Sources */ = {isa = PBXBuildFile; fileRef = 625C1D97296DDA8B00897295 /* Strings.swift */; };
		625C1D9B296DDAFD00897295 /* Localizable.strings in Resources */ = {isa = PBXBuildFile; fileRef = 625C1D9D296DDAFD00897295 /* Localizable.strings */; };
		625C1DA0296DFE6900897295 /* CompanyListView.swift in Sources */ = {isa = PBXBuildFile; fileRef = 625C1D9F296DFE6900897295 /* CompanyListView.swift */; };
		625C1DA2296DFF7D00897295 /* CompanyListViewModelProtocol.swift in Sources */ = {isa = PBXBuildFile; fileRef = 625C1DA1296DFF7D00897295 /* CompanyListViewModelProtocol.swift */; };
		625C1DA4296E01D900897295 /* PreviewCompanyListViewModel.swift in Sources */ = {isa = PBXBuildFile; fileRef = 625C1DA3296E01D900897295 /* PreviewCompanyListViewModel.swift */; };
		625C1DA6296E027F00897295 /* CompanyViewData.swift in Sources */ = {isa = PBXBuildFile; fileRef = 625C1DA5296E027F00897295 /* CompanyViewData.swift */; };
		625C1DAD296E178000897295 /* AsyncImageView.swift in Sources */ = {isa = PBXBuildFile; fileRef = 625C1DAC296E178000897295 /* AsyncImageView.swift */; };
		625C1DB0296E187D00897295 /* Resolver in Frameworks */ = {isa = PBXBuildFile; productRef = 625C1DAF296E187D00897295 /* Resolver */; };
		625C1DB3296E18A600897295 /* Resolver+Injection.swift in Sources */ = {isa = PBXBuildFile; fileRef = 625C1DB2296E18A600897295 /* Resolver+Injection.swift */; };
		625C1DB6296E1E5B00897295 /* ImageCacheProtocol.swift in Sources */ = {isa = PBXBuildFile; fileRef = 625C1DB5296E1E5B00897295 /* ImageCacheProtocol.swift */; };
		625C1DB8296E1E6300897295 /* ImageCache.swift in Sources */ = {isa = PBXBuildFile; fileRef = 625C1DB7296E1E6300897295 /* ImageCache.swift */; };
		625C1DBA296E1EAA00897295 /* AsyncImageViewModel.swift in Sources */ = {isa = PBXBuildFile; fileRef = 625C1DB9296E1EA900897295 /* AsyncImageViewModel.swift */; };
		625C1DBC296E240700897295 /* LoadingCapable.swift in Sources */ = {isa = PBXBuildFile; fileRef = 625C1DBB296E240700897295 /* LoadingCapable.swift */; };
/* End PBXBuildFile section */

/* Begin PBXContainerItemProxy section */
		625C1D5B296DCAAC00897295 /* PBXContainerItemProxy */ = {
			isa = PBXContainerItemProxy;
			containerPortal = 625C1D42296DCAA900897295 /* Project object */;
			proxyType = 1;
			remoteGlobalIDString = 625C1D49296DCAA900897295;
			remoteInfo = ArgyleLink;
		};
		625C1D65296DCAAC00897295 /* PBXContainerItemProxy */ = {
			isa = PBXContainerItemProxy;
			containerPortal = 625C1D42296DCAA900897295 /* Project object */;
			proxyType = 1;
			remoteGlobalIDString = 625C1D49296DCAA900897295;
			remoteInfo = ArgyleLink;
		};
/* End PBXContainerItemProxy section */

/* Begin PBXFileReference section */
		625C1D4A296DCAA900897295 /* ArgyleLink.app */ = {isa = PBXFileReference; explicitFileType = wrapper.application; includeInIndex = 0; path = ArgyleLink.app; sourceTree = BUILT_PRODUCTS_DIR; };
		625C1D4D296DCAA900897295 /* ArgyleLinkApp.swift */ = {isa = PBXFileReference; lastKnownFileType = sourcecode.swift; path = ArgyleLinkApp.swift; sourceTree = "<group>"; };
		625C1D4F296DCAA900897295 /* ContentView.swift */ = {isa = PBXFileReference; lastKnownFileType = sourcecode.swift; path = ContentView.swift; sourceTree = "<group>"; };
		625C1D51296DCAAC00897295 /* Assets.xcassets */ = {isa = PBXFileReference; lastKnownFileType = folder.assetcatalog; path = Assets.xcassets; sourceTree = "<group>"; };
		625C1D54296DCAAC00897295 /* Preview Assets.xcassets */ = {isa = PBXFileReference; lastKnownFileType = folder.assetcatalog; path = "Preview Assets.xcassets"; sourceTree = "<group>"; };
		625C1D5A296DCAAC00897295 /* ArgyleLinkTests.xctest */ = {isa = PBXFileReference; explicitFileType = wrapper.cfbundle; includeInIndex = 0; path = ArgyleLinkTests.xctest; sourceTree = BUILT_PRODUCTS_DIR; };
		625C1D5E296DCAAC00897295 /* ArgyleLinkTests.swift */ = {isa = PBXFileReference; lastKnownFileType = sourcecode.swift; path = ArgyleLinkTests.swift; sourceTree = "<group>"; };
		625C1D64296DCAAC00897295 /* ArgyleLinkUITests.xctest */ = {isa = PBXFileReference; explicitFileType = wrapper.cfbundle; includeInIndex = 0; path = ArgyleLinkUITests.xctest; sourceTree = BUILT_PRODUCTS_DIR; };
		625C1D68296DCAAC00897295 /* ArgyleLinkUITests.swift */ = {isa = PBXFileReference; lastKnownFileType = sourcecode.swift; path = ArgyleLinkUITests.swift; sourceTree = "<group>"; };
		625C1D6A296DCAAC00897295 /* ArgyleLinkUITestsLaunchTests.swift */ = {isa = PBXFileReference; lastKnownFileType = sourcecode.swift; path = ArgyleLinkUITestsLaunchTests.swift; sourceTree = "<group>"; };
		625C1D79296DD23800897295 /* SearchScreen.swift */ = {isa = PBXFileReference; lastKnownFileType = sourcecode.swift; path = SearchScreen.swift; sourceTree = "<group>"; };
		625C1D7B296DD24500897295 /* SearchScreenModel.swift */ = {isa = PBXFileReference; lastKnownFileType = sourcecode.swift; path = SearchScreenModel.swift; sourceTree = "<group>"; };
		625C1D82296DD2AA00897295 /* SearchFieldStyle.swift */ = {isa = PBXFileReference; lastKnownFileType = sourcecode.swift; path = SearchFieldStyle.swift; sourceTree = "<group>"; };
		625C1D86296DD2C100897295 /* Colors.swift */ = {isa = PBXFileReference; lastKnownFileType = sourcecode.swift; path = Colors.swift; sourceTree = "<group>"; };
		625C1D88296DD2C900897295 /* Images.swift */ = {isa = PBXFileReference; lastKnownFileType = sourcecode.swift; path = Images.swift; sourceTree = "<group>"; };
		625C1D8C296DD33F00897295 /* SearchView.swift */ = {isa = PBXFileReference; lastKnownFileType = sourcecode.swift; path = SearchView.swift; sourceTree = "<group>"; };
		625C1D8E296DD3A600897295 /* SearchViewModelProtocol.swift */ = {isa = PBXFileReference; lastKnownFileType = sourcecode.swift; path = SearchViewModelProtocol.swift; sourceTree = "<group>"; };
		625C1D90296DD3CE00897295 /* PreviewSearchViewModel.swift */ = {isa = PBXFileReference; lastKnownFileType = sourcecode.swift; path = PreviewSearchViewModel.swift; sourceTree = "<group>"; };
		625C1D92296DD3DE00897295 /* Loading.swift */ = {isa = PBXFileReference; lastKnownFileType = sourcecode.swift; path = Loading.swift; sourceTree = "<group>"; };
		625C1D97296DDA8B00897295 /* Strings.swift */ = {isa = PBXFileReference; lastKnownFileType = sourcecode.swift; path = Strings.swift; sourceTree = "<group>"; };
		625C1D9C296DDAFD00897295 /* en */ = {isa = PBXFileReference; lastKnownFileType = text.plist.strings; name = en; path = en.lproj/Localizable.strings; sourceTree = "<group>"; };
		625C1D9F296DFE6900897295 /* CompanyListView.swift */ = {isa = PBXFileReference; lastKnownFileType = sourcecode.swift; path = CompanyListView.swift; sourceTree = "<group>"; };
		625C1DA1296DFF7D00897295 /* CompanyListViewModelProtocol.swift */ = {isa = PBXFileReference; lastKnownFileType = sourcecode.swift; path = CompanyListViewModelProtocol.swift; sourceTree = "<group>"; };
		625C1DA3296E01D900897295 /* PreviewCompanyListViewModel.swift */ = {isa = PBXFileReference; lastKnownFileType = sourcecode.swift; path = PreviewCompanyListViewModel.swift; sourceTree = "<group>"; };
		625C1DA5296E027F00897295 /* CompanyViewData.swift */ = {isa = PBXFileReference; lastKnownFileType = sourcecode.swift; path = CompanyViewData.swift; sourceTree = "<group>"; };
		625C1DAC296E178000897295 /* AsyncImageView.swift */ = {isa = PBXFileReference; lastKnownFileType = sourcecode.swift; path = AsyncImageView.swift; sourceTree = "<group>"; };
		625C1DB2296E18A600897295 /* Resolver+Injection.swift */ = {isa = PBXFileReference; lastKnownFileType = sourcecode.swift; path = "Resolver+Injection.swift"; sourceTree = "<group>"; };
		625C1DB5296E1E5B00897295 /* ImageCacheProtocol.swift */ = {isa = PBXFileReference; lastKnownFileType = sourcecode.swift; path = ImageCacheProtocol.swift; sourceTree = "<group>"; };
		625C1DB7296E1E6300897295 /* ImageCache.swift */ = {isa = PBXFileReference; lastKnownFileType = sourcecode.swift; path = ImageCache.swift; sourceTree = "<group>"; };
		625C1DB9296E1EA900897295 /* AsyncImageViewModel.swift */ = {isa = PBXFileReference; lastKnownFileType = sourcecode.swift; path = AsyncImageViewModel.swift; sourceTree = "<group>"; };
		625C1DBB296E240700897295 /* LoadingCapable.swift */ = {isa = PBXFileReference; lastKnownFileType = sourcecode.swift; path = LoadingCapable.swift; sourceTree = "<group>"; };
/* End PBXFileReference section */

/* Begin PBXFrameworksBuildPhase section */
		625C1D47296DCAA900897295 /* Frameworks */ = {
			isa = PBXFrameworksBuildPhase;
			buildActionMask = 2147483647;
			files = (
				625C1DB0296E187D00897295 /* Resolver in Frameworks */,
			);
			runOnlyForDeploymentPostprocessing = 0;
		};
		625C1D57296DCAAC00897295 /* Frameworks */ = {
			isa = PBXFrameworksBuildPhase;
			buildActionMask = 2147483647;
			files = (
			);
			runOnlyForDeploymentPostprocessing = 0;
		};
		625C1D61296DCAAC00897295 /* Frameworks */ = {
			isa = PBXFrameworksBuildPhase;
			buildActionMask = 2147483647;
			files = (
			);
			runOnlyForDeploymentPostprocessing = 0;
		};
/* End PBXFrameworksBuildPhase section */

/* Begin PBXGroup section */
		625C1D41296DCAA900897295 = {
			isa = PBXGroup;
			children = (
				625C1D4C296DCAA900897295 /* ArgyleLink */,
				625C1D5D296DCAAC00897295 /* ArgyleLinkTests */,
				625C1D67296DCAAC00897295 /* ArgyleLinkUITests */,
				625C1D4B296DCAA900897295 /* Products */,
			);
			sourceTree = "<group>";
		};
		625C1D4B296DCAA900897295 /* Products */ = {
			isa = PBXGroup;
			children = (
				625C1D4A296DCAA900897295 /* ArgyleLink.app */,
				625C1D5A296DCAAC00897295 /* ArgyleLinkTests.xctest */,
				625C1D64296DCAAC00897295 /* ArgyleLinkUITests.xctest */,
			);
			name = Products;
			sourceTree = "<group>";
		};
		625C1D4C296DCAA900897295 /* ArgyleLink */ = {
			isa = PBXGroup;
			children = (
				625C1D4D296DCAA900897295 /* ArgyleLinkApp.swift */,
				625C1D4F296DCAA900897295 /* ContentView.swift */,
				625C1DB1296E189200897295 /* DependencyInjection */,
				625C1D77296DD20500897295 /* Screens */,
				625C1D7D296DD24A00897295 /* Components */,
				625C1D80296DD28400897295 /* Constants */,
				625C1D81296DD29400897295 /* DesignSystem */,
				625C1D51296DCAAC00897295 /* Assets.xcassets */,
				625C1D9D296DDAFD00897295 /* Localizable.strings */,
				625C1D53296DCAAC00897295 /* Preview Content */,
			);
			path = ArgyleLink;
			sourceTree = "<group>";
		};
		625C1D53296DCAAC00897295 /* Preview Content */ = {
			isa = PBXGroup;
			children = (
				625C1D54296DCAAC00897295 /* Preview Assets.xcassets */,
			);
			path = "Preview Content";
			sourceTree = "<group>";
		};
		625C1D5D296DCAAC00897295 /* ArgyleLinkTests */ = {
			isa = PBXGroup;
			children = (
				625C1D5E296DCAAC00897295 /* ArgyleLinkTests.swift */,
			);
			path = ArgyleLinkTests;
			sourceTree = "<group>";
		};
		625C1D67296DCAAC00897295 /* ArgyleLinkUITests */ = {
			isa = PBXGroup;
			children = (
				625C1D68296DCAAC00897295 /* ArgyleLinkUITests.swift */,
				625C1D6A296DCAAC00897295 /* ArgyleLinkUITestsLaunchTests.swift */,
			);
			path = ArgyleLinkUITests;
			sourceTree = "<group>";
		};
		625C1D77296DD20500897295 /* Screens */ = {
			isa = PBXGroup;
			children = (
				625C1D78296DD20E00897295 /* SearchScreen */,
			);
			path = Screens;
			sourceTree = "<group>";
		};
		625C1D78296DD20E00897295 /* SearchScreen */ = {
			isa = PBXGroup;
			children = (
				625C1D79296DD23800897295 /* SearchScreen.swift */,
				625C1D7B296DD24500897295 /* SearchScreenModel.swift */,
			);
			path = SearchScreen;
			sourceTree = "<group>";
		};
		625C1D7D296DD24A00897295 /* Components */ = {
			isa = PBXGroup;
			children = (
				625C1DAB296E176E00897295 /* AsyncImageView */,
				625C1D9E296DFCC700897295 /* CompanyList */,
				625C1D7E296DD26000897295 /* Loading */,
				625C1D7F296DD26800897295 /* SearchView */,
			);
			path = Components;
			sourceTree = "<group>";
		};
		625C1D7E296DD26000897295 /* Loading */ = {
			isa = PBXGroup;
			children = (
				625C1D92296DD3DE00897295 /* Loading.swift */,
				625C1DBB296E240700897295 /* LoadingCapable.swift */,
			);
			path = Loading;
			sourceTree = "<group>";
		};
		625C1D7F296DD26800897295 /* SearchView */ = {
			isa = PBXGroup;
			children = (
				625C1D8C296DD33F00897295 /* SearchView.swift */,
				625C1D8E296DD3A600897295 /* SearchViewModelProtocol.swift */,
				625C1D90296DD3CE00897295 /* PreviewSearchViewModel.swift */,
			);
			path = SearchView;
			sourceTree = "<group>";
		};
		625C1D80296DD28400897295 /* Constants */ = {
			isa = PBXGroup;
			children = (
				625C1D86296DD2C100897295 /* Colors.swift */,
				625C1D88296DD2C900897295 /* Images.swift */,
				625C1D97296DDA8B00897295 /* Strings.swift */,
			);
			path = Constants;
			sourceTree = "<group>";
		};
		625C1D81296DD29400897295 /* DesignSystem */ = {
			isa = PBXGroup;
			children = (
				625C1D82296DD2AA00897295 /* SearchFieldStyle.swift */,
			);
			path = DesignSystem;
			sourceTree = "<group>";
		};
		625C1D9E296DFCC700897295 /* CompanyList */ = {
			isa = PBXGroup;
			children = (
				625C1D9F296DFE6900897295 /* CompanyListView.swift */,
				625C1DA1296DFF7D00897295 /* CompanyListViewModelProtocol.swift */,
				625C1DA3296E01D900897295 /* PreviewCompanyListViewModel.swift */,
				625C1DA5296E027F00897295 /* CompanyViewData.swift */,
			);
			path = CompanyList;
			sourceTree = "<group>";
		};
		625C1DAB296E176E00897295 /* AsyncImageView */ = {
			isa = PBXGroup;
			children = (
				625C1DAC296E178000897295 /* AsyncImageView.swift */,
				625C1DB9296E1EA900897295 /* AsyncImageViewModel.swift */,
				625C1DB4296E1E4600897295 /* ImageCache */,
			);
			path = AsyncImageView;
			sourceTree = "<group>";
		};
		625C1DB1296E189200897295 /* DependencyInjection */ = {
			isa = PBXGroup;
			children = (
				625C1DB2296E18A600897295 /* Resolver+Injection.swift */,
			);
			path = DependencyInjection;
			sourceTree = "<group>";
		};
		625C1DB4296E1E4600897295 /* ImageCache */ = {
			isa = PBXGroup;
			children = (
				625C1DB5296E1E5B00897295 /* ImageCacheProtocol.swift */,
				625C1DB7296E1E6300897295 /* ImageCache.swift */,
			);
			path = ImageCache;
			sourceTree = "<group>";
		};
/* End PBXGroup section */

/* Begin PBXNativeTarget section */
		625C1D49296DCAA900897295 /* ArgyleLink */ = {
			isa = PBXNativeTarget;
			buildConfigurationList = 625C1D6E296DCAAC00897295 /* Build configuration list for PBXNativeTarget "ArgyleLink" */;
			buildPhases = (
				625C1D94296DD50100897295 /* SwiftLint */,
				625C1D46296DCAA900897295 /* Sources */,
				625C1D47296DCAA900897295 /* Frameworks */,
				625C1D48296DCAA900897295 /* Resources */,
			);
			buildRules = (
			);
			dependencies = (
			);
			name = ArgyleLink;
			packageProductDependencies = (
				625C1DAF296E187D00897295 /* Resolver */,
			);
			productName = ArgyleLink;
			productReference = 625C1D4A296DCAA900897295 /* ArgyleLink.app */;
			productType = "com.apple.product-type.application";
		};
		625C1D59296DCAAC00897295 /* ArgyleLinkTests */ = {
			isa = PBXNativeTarget;
			buildConfigurationList = 625C1D71296DCAAC00897295 /* Build configuration list for PBXNativeTarget "ArgyleLinkTests" */;
			buildPhases = (
				625C1D56296DCAAC00897295 /* Sources */,
				625C1D57296DCAAC00897295 /* Frameworks */,
				625C1D58296DCAAC00897295 /* Resources */,
			);
			buildRules = (
			);
			dependencies = (
				625C1D5C296DCAAC00897295 /* PBXTargetDependency */,
			);
			name = ArgyleLinkTests;
			productName = ArgyleLinkTests;
			productReference = 625C1D5A296DCAAC00897295 /* ArgyleLinkTests.xctest */;
			productType = "com.apple.product-type.bundle.unit-test";
		};
		625C1D63296DCAAC00897295 /* ArgyleLinkUITests */ = {
			isa = PBXNativeTarget;
			buildConfigurationList = 625C1D74296DCAAC00897295 /* Build configuration list for PBXNativeTarget "ArgyleLinkUITests" */;
			buildPhases = (
				625C1D60296DCAAC00897295 /* Sources */,
				625C1D61296DCAAC00897295 /* Frameworks */,
				625C1D62296DCAAC00897295 /* Resources */,
			);
			buildRules = (
			);
			dependencies = (
				625C1D66296DCAAC00897295 /* PBXTargetDependency */,
			);
			name = ArgyleLinkUITests;
			productName = ArgyleLinkUITests;
			productReference = 625C1D64296DCAAC00897295 /* ArgyleLinkUITests.xctest */;
			productType = "com.apple.product-type.bundle.ui-testing";
		};
/* End PBXNativeTarget section */

/* Begin PBXProject section */
		625C1D42296DCAA900897295 /* Project object */ = {
			isa = PBXProject;
			attributes = {
				BuildIndependentTargetsInParallel = 1;
				LastSwiftUpdateCheck = 1420;
				LastUpgradeCheck = 1420;
				TargetAttributes = {
					625C1D49296DCAA900897295 = {
						CreatedOnToolsVersion = 14.2;
					};
					625C1D59296DCAAC00897295 = {
						CreatedOnToolsVersion = 14.2;
						TestTargetID = 625C1D49296DCAA900897295;
					};
					625C1D63296DCAAC00897295 = {
						CreatedOnToolsVersion = 14.2;
						TestTargetID = 625C1D49296DCAA900897295;
					};
				};
			};
			buildConfigurationList = 625C1D45296DCAA900897295 /* Build configuration list for PBXProject "ArgyleLink" */;
			compatibilityVersion = "Xcode 14.0";
			developmentRegion = en;
			hasScannedForEncodings = 0;
			knownRegions = (
				en,
				Base,
			);
			mainGroup = 625C1D41296DCAA900897295;
			packageReferences = (
				625C1DAE296E187D00897295 /* XCRemoteSwiftPackageReference "Resolver" */,
			);
			productRefGroup = 625C1D4B296DCAA900897295 /* Products */;
			projectDirPath = "";
			projectRoot = "";
			targets = (
				625C1D49296DCAA900897295 /* ArgyleLink */,
				625C1D59296DCAAC00897295 /* ArgyleLinkTests */,
				625C1D63296DCAAC00897295 /* ArgyleLinkUITests */,
			);
		};
/* End PBXProject section */

/* Begin PBXResourcesBuildPhase section */
		625C1D48296DCAA900897295 /* Resources */ = {
			isa = PBXResourcesBuildPhase;
			buildActionMask = 2147483647;
			files = (
				625C1D55296DCAAC00897295 /* Preview Assets.xcassets in Resources */,
				625C1D9B296DDAFD00897295 /* Localizable.strings in Resources */,
				625C1D52296DCAAC00897295 /* Assets.xcassets in Resources */,
			);
			runOnlyForDeploymentPostprocessing = 0;
		};
		625C1D58296DCAAC00897295 /* Resources */ = {
			isa = PBXResourcesBuildPhase;
			buildActionMask = 2147483647;
			files = (
			);
			runOnlyForDeploymentPostprocessing = 0;
		};
		625C1D62296DCAAC00897295 /* Resources */ = {
			isa = PBXResourcesBuildPhase;
			buildActionMask = 2147483647;
			files = (
			);
			runOnlyForDeploymentPostprocessing = 0;
		};
/* End PBXResourcesBuildPhase section */

/* Begin PBXShellScriptBuildPhase section */
		625C1D94296DD50100897295 /* SwiftLint */ = {
			isa = PBXShellScriptBuildPhase;
			alwaysOutOfDate = 1;
			buildActionMask = 2147483647;
			files = (
			);
			inputFileListPaths = (
			);
			inputPaths = (
			);
			name = SwiftLint;
			outputFileListPaths = (
			);
			outputPaths = (
			);
			runOnlyForDeploymentPostprocessing = 0;
			shellPath = /bin/sh;
			shellScript = "export PATH=\"$PATH:/opt/homebrew/bin\"\nif which swiftlint > /dev/null; then\n  swiftlint\nelse\n  echo \"warning: SwiftLint not installed, download from https://github.com/realm/SwiftLint\"\nfi\n";
		};
/* End PBXShellScriptBuildPhase section */

/* Begin PBXSourcesBuildPhase section */
		625C1D46296DCAA900897295 /* Sources */ = {
			isa = PBXSourcesBuildPhase;
			buildActionMask = 2147483647;
			files = (
				625C1D50296DCAA900897295 /* ContentView.swift in Sources */,
				625C1DA2296DFF7D00897295 /* CompanyListViewModelProtocol.swift in Sources */,
				625C1D8D296DD33F00897295 /* SearchView.swift in Sources */,
				625C1D8F296DD3A600897295 /* SearchViewModelProtocol.swift in Sources */,
				625C1DB6296E1E5B00897295 /* ImageCacheProtocol.swift in Sources */,
				625C1DAD296E178000897295 /* AsyncImageView.swift in Sources */,
				625C1DA0296DFE6900897295 /* CompanyListView.swift in Sources */,
				625C1D7C296DD24500897295 /* SearchScreenModel.swift in Sources */,
				625C1DA4296E01D900897295 /* PreviewCompanyListViewModel.swift in Sources */,
				625C1DA6296E027F00897295 /* CompanyViewData.swift in Sources */,
				625C1DBA296E1EAA00897295 /* AsyncImageViewModel.swift in Sources */,
				625C1D98296DDA8B00897295 /* Strings.swift in Sources */,
				625C1DB8296E1E6300897295 /* ImageCache.swift in Sources */,
				625C1D91296DD3CE00897295 /* PreviewSearchViewModel.swift in Sources */,
				625C1D87296DD2C100897295 /* Colors.swift in Sources */,
				625C1D4E296DCAA900897295 /* ArgyleLinkApp.swift in Sources */,
				625C1D89296DD2C900897295 /* Images.swift in Sources */,
				625C1D7A296DD23800897295 /* SearchScreen.swift in Sources */,
				625C1DB3296E18A600897295 /* Resolver+Injection.swift in Sources */,
				625C1D93296DD3DE00897295 /* Loading.swift in Sources */,
				625C1D83296DD2AA00897295 /* SearchFieldStyle.swift in Sources */,
				625C1DBC296E240700897295 /* LoadingCapable.swift in Sources */,
			);
			runOnlyForDeploymentPostprocessing = 0;
		};
		625C1D56296DCAAC00897295 /* Sources */ = {
			isa = PBXSourcesBuildPhase;
			buildActionMask = 2147483647;
			files = (
				625C1D5F296DCAAC00897295 /* ArgyleLinkTests.swift in Sources */,
			);
			runOnlyForDeploymentPostprocessing = 0;
		};
		625C1D60296DCAAC00897295 /* Sources */ = {
			isa = PBXSourcesBuildPhase;
			buildActionMask = 2147483647;
			files = (
				625C1D6B296DCAAC00897295 /* ArgyleLinkUITestsLaunchTests.swift in Sources */,
				625C1D69296DCAAC00897295 /* ArgyleLinkUITests.swift in Sources */,
			);
			runOnlyForDeploymentPostprocessing = 0;
		};
/* End PBXSourcesBuildPhase section */

/* Begin PBXTargetDependency section */
		625C1D5C296DCAAC00897295 /* PBXTargetDependency */ = {
			isa = PBXTargetDependency;
			target = 625C1D49296DCAA900897295 /* ArgyleLink */;
			targetProxy = 625C1D5B296DCAAC00897295 /* PBXContainerItemProxy */;
		};
		625C1D66296DCAAC00897295 /* PBXTargetDependency */ = {
			isa = PBXTargetDependency;
			target = 625C1D49296DCAA900897295 /* ArgyleLink */;
			targetProxy = 625C1D65296DCAAC00897295 /* PBXContainerItemProxy */;
		};
/* End PBXTargetDependency section */

/* Begin PBXVariantGroup section */
		625C1D9D296DDAFD00897295 /* Localizable.strings */ = {
			isa = PBXVariantGroup;
			children = (
				625C1D9C296DDAFD00897295 /* en */,
			);
			name = Localizable.strings;
			sourceTree = "<group>";
		};
/* End PBXVariantGroup section */

/* Begin XCBuildConfiguration section */
		625C1D6C296DCAAC00897295 /* Debug */ = {
			isa = XCBuildConfiguration;
			buildSettings = {
				ALWAYS_SEARCH_USER_PATHS = NO;
				CLANG_ANALYZER_NONNULL = YES;
				CLANG_ANALYZER_NUMBER_OBJECT_CONVERSION = YES_AGGRESSIVE;
				CLANG_CXX_LANGUAGE_STANDARD = "gnu++20";
				CLANG_ENABLE_MODULES = YES;
				CLANG_ENABLE_OBJC_ARC = YES;
				CLANG_ENABLE_OBJC_WEAK = YES;
				CLANG_WARN_BLOCK_CAPTURE_AUTORELEASING = YES;
				CLANG_WARN_BOOL_CONVERSION = YES;
				CLANG_WARN_COMMA = YES;
				CLANG_WARN_CONSTANT_CONVERSION = YES;
				CLANG_WARN_DEPRECATED_OBJC_IMPLEMENTATIONS = YES;
				CLANG_WARN_DIRECT_OBJC_ISA_USAGE = YES_ERROR;
				CLANG_WARN_DOCUMENTATION_COMMENTS = YES;
				CLANG_WARN_EMPTY_BODY = YES;
				CLANG_WARN_ENUM_CONVERSION = YES;
				CLANG_WARN_INFINITE_RECURSION = YES;
				CLANG_WARN_INT_CONVERSION = YES;
				CLANG_WARN_NON_LITERAL_NULL_CONVERSION = YES;
				CLANG_WARN_OBJC_IMPLICIT_RETAIN_SELF = YES;
				CLANG_WARN_OBJC_LITERAL_CONVERSION = YES;
				CLANG_WARN_OBJC_ROOT_CLASS = YES_ERROR;
				CLANG_WARN_QUOTED_INCLUDE_IN_FRAMEWORK_HEADER = YES;
				CLANG_WARN_RANGE_LOOP_ANALYSIS = YES;
				CLANG_WARN_STRICT_PROTOTYPES = YES;
				CLANG_WARN_SUSPICIOUS_MOVE = YES;
				CLANG_WARN_UNGUARDED_AVAILABILITY = YES_AGGRESSIVE;
				CLANG_WARN_UNREACHABLE_CODE = YES;
				CLANG_WARN__DUPLICATE_METHOD_MATCH = YES;
				COPY_PHASE_STRIP = NO;
				DEBUG_INFORMATION_FORMAT = dwarf;
				ENABLE_STRICT_OBJC_MSGSEND = YES;
				ENABLE_TESTABILITY = YES;
				GCC_C_LANGUAGE_STANDARD = gnu11;
				GCC_DYNAMIC_NO_PIC = NO;
				GCC_NO_COMMON_BLOCKS = YES;
				GCC_OPTIMIZATION_LEVEL = 0;
				GCC_PREPROCESSOR_DEFINITIONS = (
					"DEBUG=1",
					"$(inherited)",
				);
				GCC_WARN_64_TO_32_BIT_CONVERSION = YES;
				GCC_WARN_ABOUT_RETURN_TYPE = YES_ERROR;
				GCC_WARN_UNDECLARED_SELECTOR = YES;
				GCC_WARN_UNINITIALIZED_AUTOS = YES_AGGRESSIVE;
				GCC_WARN_UNUSED_FUNCTION = YES;
				GCC_WARN_UNUSED_VARIABLE = YES;
				IPHONEOS_DEPLOYMENT_TARGET = 15.0;
				MTL_ENABLE_DEBUG_INFO = INCLUDE_SOURCE;
				MTL_FAST_MATH = YES;
				ONLY_ACTIVE_ARCH = YES;
				SDKROOT = iphoneos;
				SWIFT_ACTIVE_COMPILATION_CONDITIONS = DEBUG;
				SWIFT_OPTIMIZATION_LEVEL = "-Onone";
			};
			name = Debug;
		};
		625C1D6D296DCAAC00897295 /* Release */ = {
			isa = XCBuildConfiguration;
			buildSettings = {
				ALWAYS_SEARCH_USER_PATHS = NO;
				CLANG_ANALYZER_NONNULL = YES;
				CLANG_ANALYZER_NUMBER_OBJECT_CONVERSION = YES_AGGRESSIVE;
				CLANG_CXX_LANGUAGE_STANDARD = "gnu++20";
				CLANG_ENABLE_MODULES = YES;
				CLANG_ENABLE_OBJC_ARC = YES;
				CLANG_ENABLE_OBJC_WEAK = YES;
				CLANG_WARN_BLOCK_CAPTURE_AUTORELEASING = YES;
				CLANG_WARN_BOOL_CONVERSION = YES;
				CLANG_WARN_COMMA = YES;
				CLANG_WARN_CONSTANT_CONVERSION = YES;
				CLANG_WARN_DEPRECATED_OBJC_IMPLEMENTATIONS = YES;
				CLANG_WARN_DIRECT_OBJC_ISA_USAGE = YES_ERROR;
				CLANG_WARN_DOCUMENTATION_COMMENTS = YES;
				CLANG_WARN_EMPTY_BODY = YES;
				CLANG_WARN_ENUM_CONVERSION = YES;
				CLANG_WARN_INFINITE_RECURSION = YES;
				CLANG_WARN_INT_CONVERSION = YES;
				CLANG_WARN_NON_LITERAL_NULL_CONVERSION = YES;
				CLANG_WARN_OBJC_IMPLICIT_RETAIN_SELF = YES;
				CLANG_WARN_OBJC_LITERAL_CONVERSION = YES;
				CLANG_WARN_OBJC_ROOT_CLASS = YES_ERROR;
				CLANG_WARN_QUOTED_INCLUDE_IN_FRAMEWORK_HEADER = YES;
				CLANG_WARN_RANGE_LOOP_ANALYSIS = YES;
				CLANG_WARN_STRICT_PROTOTYPES = YES;
				CLANG_WARN_SUSPICIOUS_MOVE = YES;
				CLANG_WARN_UNGUARDED_AVAILABILITY = YES_AGGRESSIVE;
				CLANG_WARN_UNREACHABLE_CODE = YES;
				CLANG_WARN__DUPLICATE_METHOD_MATCH = YES;
				COPY_PHASE_STRIP = NO;
				DEBUG_INFORMATION_FORMAT = "dwarf-with-dsym";
				ENABLE_NS_ASSERTIONS = NO;
				ENABLE_STRICT_OBJC_MSGSEND = YES;
				GCC_C_LANGUAGE_STANDARD = gnu11;
				GCC_NO_COMMON_BLOCKS = YES;
				GCC_WARN_64_TO_32_BIT_CONVERSION = YES;
				GCC_WARN_ABOUT_RETURN_TYPE = YES_ERROR;
				GCC_WARN_UNDECLARED_SELECTOR = YES;
				GCC_WARN_UNINITIALIZED_AUTOS = YES_AGGRESSIVE;
				GCC_WARN_UNUSED_FUNCTION = YES;
				GCC_WARN_UNUSED_VARIABLE = YES;
				IPHONEOS_DEPLOYMENT_TARGET = 15.0;
				MTL_ENABLE_DEBUG_INFO = NO;
				MTL_FAST_MATH = YES;
				SDKROOT = iphoneos;
				SWIFT_COMPILATION_MODE = wholemodule;
				SWIFT_OPTIMIZATION_LEVEL = "-O";
				VALIDATE_PRODUCT = YES;
			};
			name = Release;
		};
		625C1D6F296DCAAC00897295 /* Debug */ = {
			isa = XCBuildConfiguration;
			buildSettings = {
				ASSETCATALOG_COMPILER_APPICON_NAME = AppIcon;
				ASSETCATALOG_COMPILER_GLOBAL_ACCENT_COLOR_NAME = AccentColor;
				CODE_SIGN_STYLE = Automatic;
				CURRENT_PROJECT_VERSION = 1;
				DEVELOPMENT_ASSET_PATHS = "\"ArgyleLink/Preview Content\"";
				DEVELOPMENT_TEAM = QT666FZ6Y2;
				ENABLE_PREVIEWS = YES;
				GENERATE_INFOPLIST_FILE = YES;
				INFOPLIST_KEY_UIApplicationSceneManifest_Generation = YES;
				INFOPLIST_KEY_UIApplicationSupportsIndirectInputEvents = YES;
				INFOPLIST_KEY_UILaunchScreen_Generation = YES;
				INFOPLIST_KEY_UISupportedInterfaceOrientations = UIInterfaceOrientationPortrait;
				LD_RUNPATH_SEARCH_PATHS = (
					"$(inherited)",
					"@executable_path/Frameworks",
				);
				MARKETING_VERSION = 1.0;
				PRODUCT_BUNDLE_IDENTIFIER = com.gaboreszenyi.ArgyleLink;
				PRODUCT_NAME = "$(TARGET_NAME)";
				SWIFT_EMIT_LOC_STRINGS = YES;
				SWIFT_VERSION = 5.0;
				TARGETED_DEVICE_FAMILY = "1,2";
			};
			name = Debug;
		};
		625C1D70296DCAAC00897295 /* Release */ = {
			isa = XCBuildConfiguration;
			buildSettings = {
				ASSETCATALOG_COMPILER_APPICON_NAME = AppIcon;
				ASSETCATALOG_COMPILER_GLOBAL_ACCENT_COLOR_NAME = AccentColor;
				CODE_SIGN_STYLE = Automatic;
				CURRENT_PROJECT_VERSION = 1;
				DEVELOPMENT_ASSET_PATHS = "\"ArgyleLink/Preview Content\"";
				DEVELOPMENT_TEAM = QT666FZ6Y2;
				ENABLE_PREVIEWS = YES;
				GENERATE_INFOPLIST_FILE = YES;
				INFOPLIST_KEY_UIApplicationSceneManifest_Generation = YES;
				INFOPLIST_KEY_UIApplicationSupportsIndirectInputEvents = YES;
				INFOPLIST_KEY_UILaunchScreen_Generation = YES;
				INFOPLIST_KEY_UISupportedInterfaceOrientations = UIInterfaceOrientationPortrait;
				LD_RUNPATH_SEARCH_PATHS = (
					"$(inherited)",
					"@executable_path/Frameworks",
				);
				MARKETING_VERSION = 1.0;
				PRODUCT_BUNDLE_IDENTIFIER = com.gaboreszenyi.ArgyleLink;
				PRODUCT_NAME = "$(TARGET_NAME)";
				SWIFT_EMIT_LOC_STRINGS = YES;
				SWIFT_VERSION = 5.0;
				TARGETED_DEVICE_FAMILY = "1,2";
			};
			name = Release;
		};
		625C1D72296DCAAC00897295 /* Debug */ = {
			isa = XCBuildConfiguration;
			buildSettings = {
				ALWAYS_EMBED_SWIFT_STANDARD_LIBRARIES = YES;
				BUNDLE_LOADER = "$(TEST_HOST)";
				CODE_SIGN_STYLE = Automatic;
				CURRENT_PROJECT_VERSION = 1;
				DEVELOPMENT_TEAM = QT666FZ6Y2;
				GENERATE_INFOPLIST_FILE = YES;
				IPHONEOS_DEPLOYMENT_TARGET = 16.2;
				MARKETING_VERSION = 1.0;
				PRODUCT_BUNDLE_IDENTIFIER = com.gaboreszenyi.ArgyleLinkTests;
				PRODUCT_NAME = "$(TARGET_NAME)";
				SWIFT_EMIT_LOC_STRINGS = NO;
				SWIFT_VERSION = 5.0;
				TARGETED_DEVICE_FAMILY = "1,2";
				TEST_HOST = "$(BUILT_PRODUCTS_DIR)/ArgyleLink.app/$(BUNDLE_EXECUTABLE_FOLDER_PATH)/ArgyleLink";
			};
			name = Debug;
		};
		625C1D73296DCAAC00897295 /* Release */ = {
			isa = XCBuildConfiguration;
			buildSettings = {
				ALWAYS_EMBED_SWIFT_STANDARD_LIBRARIES = YES;
				BUNDLE_LOADER = "$(TEST_HOST)";
				CODE_SIGN_STYLE = Automatic;
				CURRENT_PROJECT_VERSION = 1;
				DEVELOPMENT_TEAM = QT666FZ6Y2;
				GENERATE_INFOPLIST_FILE = YES;
				IPHONEOS_DEPLOYMENT_TARGET = 16.2;
				MARKETING_VERSION = 1.0;
				PRODUCT_BUNDLE_IDENTIFIER = com.gaboreszenyi.ArgyleLinkTests;
				PRODUCT_NAME = "$(TARGET_NAME)";
				SWIFT_EMIT_LOC_STRINGS = NO;
				SWIFT_VERSION = 5.0;
				TARGETED_DEVICE_FAMILY = "1,2";
				TEST_HOST = "$(BUILT_PRODUCTS_DIR)/ArgyleLink.app/$(BUNDLE_EXECUTABLE_FOLDER_PATH)/ArgyleLink";
			};
			name = Release;
		};
		625C1D75296DCAAC00897295 /* Debug */ = {
			isa = XCBuildConfiguration;
			buildSettings = {
				ALWAYS_EMBED_SWIFT_STANDARD_LIBRARIES = YES;
				CODE_SIGN_STYLE = Automatic;
				CURRENT_PROJECT_VERSION = 1;
				DEVELOPMENT_TEAM = QT666FZ6Y2;
				GENERATE_INFOPLIST_FILE = YES;
				MARKETING_VERSION = 1.0;
				PRODUCT_BUNDLE_IDENTIFIER = com.gaboreszenyi.ArgyleLinkUITests;
				PRODUCT_NAME = "$(TARGET_NAME)";
				SWIFT_EMIT_LOC_STRINGS = NO;
				SWIFT_VERSION = 5.0;
				TARGETED_DEVICE_FAMILY = "1,2";
				TEST_TARGET_NAME = ArgyleLink;
			};
			name = Debug;
		};
		625C1D76296DCAAC00897295 /* Release */ = {
			isa = XCBuildConfiguration;
			buildSettings = {
				ALWAYS_EMBED_SWIFT_STANDARD_LIBRARIES = YES;
				CODE_SIGN_STYLE = Automatic;
				CURRENT_PROJECT_VERSION = 1;
				DEVELOPMENT_TEAM = QT666FZ6Y2;
				GENERATE_INFOPLIST_FILE = YES;
				MARKETING_VERSION = 1.0;
				PRODUCT_BUNDLE_IDENTIFIER = com.gaboreszenyi.ArgyleLinkUITests;
				PRODUCT_NAME = "$(TARGET_NAME)";
				SWIFT_EMIT_LOC_STRINGS = NO;
				SWIFT_VERSION = 5.0;
				TARGETED_DEVICE_FAMILY = "1,2";
				TEST_TARGET_NAME = ArgyleLink;
			};
			name = Release;
		};
/* End XCBuildConfiguration section */

/* Begin XCConfigurationList section */
		625C1D45296DCAA900897295 /* Build configuration list for PBXProject "ArgyleLink" */ = {
			isa = XCConfigurationList;
			buildConfigurations = (
				625C1D6C296DCAAC00897295 /* Debug */,
				625C1D6D296DCAAC00897295 /* Release */,
			);
			defaultConfigurationIsVisible = 0;
			defaultConfigurationName = Release;
		};
		625C1D6E296DCAAC00897295 /* Build configuration list for PBXNativeTarget "ArgyleLink" */ = {
			isa = XCConfigurationList;
			buildConfigurations = (
				625C1D6F296DCAAC00897295 /* Debug */,
				625C1D70296DCAAC00897295 /* Release */,
			);
			defaultConfigurationIsVisible = 0;
			defaultConfigurationName = Release;
		};
		625C1D71296DCAAC00897295 /* Build configuration list for PBXNativeTarget "ArgyleLinkTests" */ = {
			isa = XCConfigurationList;
			buildConfigurations = (
				625C1D72296DCAAC00897295 /* Debug */,
				625C1D73296DCAAC00897295 /* Release */,
			);
			defaultConfigurationIsVisible = 0;
			defaultConfigurationName = Release;
		};
		625C1D74296DCAAC00897295 /* Build configuration list for PBXNativeTarget "ArgyleLinkUITests" */ = {
			isa = XCConfigurationList;
			buildConfigurations = (
				625C1D75296DCAAC00897295 /* Debug */,
				625C1D76296DCAAC00897295 /* Release */,
			);
			defaultConfigurationIsVisible = 0;
			defaultConfigurationName = Release;
		};
/* End XCConfigurationList section */

/* Begin XCRemoteSwiftPackageReference section */
		625C1DAE296E187D00897295 /* XCRemoteSwiftPackageReference "Resolver" */ = {
			isa = XCRemoteSwiftPackageReference;
			repositoryURL = "https://github.com/hmlongco/Resolver";
			requirement = {
				kind = exactVersion;
				version = 1.5.0;
			};
		};
/* End XCRemoteSwiftPackageReference section */

/* Begin XCSwiftPackageProductDependency section */
		625C1DAF296E187D00897295 /* Resolver */ = {
			isa = XCSwiftPackageProductDependency;
			package = 625C1DAE296E187D00897295 /* XCRemoteSwiftPackageReference "Resolver" */;
			productName = Resolver;
		};
/* End XCSwiftPackageProductDependency section */
	};
	rootObject = 625C1D42296DCAA900897295 /* Project object */;
}
